<?xml version="1.0" encoding="utf-8"?>
<Project ToolsVersion="4.0" xmlns="http://schemas.microsoft.com/developer/msbuild/2003">
  <ItemGroup>
    <Filter Include="Archivos de código fuente">
      <UniqueIdentifier>{4FC737F1-C7A5-4376-A066-2A32D752A2FF}</UniqueIdentifier>
      <Extensions>cpp;c;cc;cxx;def;odl;idl;hpj;bat;asm;asmx</Extensions>
    </Filter>
    <Filter Include="Archivos de encabezado">
      <UniqueIdentifier>{93995380-89BD-4b04-88EB-625FBE52EBFB}</UniqueIdentifier>
      <Extensions>h;hpp;hxx;hm;inl;inc;xsd</Extensions>
    </Filter>
    <Filter Include="Archivos de recursos">
      <UniqueIdentifier>{67DA6AB6-F800-4c08-8B7A-83BB121AAD01}</UniqueIdentifier>
      <Extensions>rc;ico;cur;bmp;dlg;rc2;rct;bin;rgs;gif;jpg;jpeg;jpe;resx;tiff;tif;png;wav;mfcribbon-ms</Extensions>
    </Filter>
    <Filter Include="Archivos de código fuente\engine">
      <UniqueIdentifier>{54501f17-0c17-44c2-98b9-85e203ae3838}</UniqueIdentifier>
    </Filter>
    <Filter Include="Archivos de encabezado\engine">
      <UniqueIdentifier>{f5a0d514-d927-4d8d-b76e-5741eda77e33}</UniqueIdentifier>
    </Filter>
    <Filter Include="Archivos de encabezado\logic">
      <UniqueIdentifier>{87b76dc9-6f42-4a7b-bdab-e76bbf6b323b}</UniqueIdentifier>
    </Filter>
    <Filter Include="Archivos de código fuente\logic">
      <UniqueIdentifier>{026936c0-6a8b-4eae-89cb-c12b452a0e92}</UniqueIdentifier>
    </Filter>
  </ItemGroup>
  <ItemGroup>
    <ClCompile Include="..\ComponentsFactory.cpp">
      <Filter>Archivos de código fuente</Filter>
    </ClCompile>
    <ClCompile Include="..\Comportamientos.cpp">
      <Filter>Archivos de código fuente</Filter>
    </ClCompile>
    <ClCompile Include="..\EntitiesFactory.cpp">
      <Filter>Archivos de código fuente</Filter>
    </ClCompile>
    <ClCompile Include="..\EventsManager.cpp">
      <Filter>Archivos de código fuente</Filter>
    </ClCompile>
    <ClCompile Include="..\Game.cpp">
      <Filter>Archivos de código fuente</Filter>
    </ClCompile>
    <ClCompile Include="..\SceneManager.cpp">
      <Filter>Archivos de código fuente</Filter>
    </ClCompile>
    <ClCompile Include="..\SoundsFactory.cpp">
      <Filter>Archivos de código fuente</Filter>
    </ClCompile>
    <ClCompile Include="..\SoundsManager.cpp">
      <Filter>Archivos de código fuente</Filter>
    </ClCompile>
    <ClCompile Include="..\SpritesFactory.cpp">
      <Filter>Archivos de código fuente</Filter>
    </ClCompile>
    <ClCompile Include="..\stdafx.cpp">
      <Filter>Archivos de código fuente</Filter>
    </ClCompile>
    <ClCompile Include="..\src\bone.cpp">
      <Filter>Archivos de código fuente\engine</Filter>
    </ClCompile>
    <ClCompile Include="..\src\camera.cpp">
      <Filter>Archivos de código fuente\engine</Filter>
    </ClCompile>
    <ClCompile Include="..\src\collisionmanager.cpp">
      <Filter>Archivos de código fuente\engine</Filter>
    </ClCompile>
    <ClCompile Include="..\src\collisionpixeldata.cpp">
      <Filter>Archivos de código fuente\engine</Filter>
    </ClCompile>
    <ClCompile Include="..\src\emitter.cpp">
      <Filter>Archivos de código fuente\engine</Filter>
    </ClCompile>
    <ClCompile Include="..\src\font.cpp">
      <Filter>Archivos de código fuente\engine</Filter>
    </ClCompile>
    <ClCompile Include="..\src\image.cpp">
      <Filter>Archivos de código fuente\engine</Filter>
    </ClCompile>
    <ClCompile Include="..\src\isometricmap.cpp">
      <Filter>Archivos de código fuente\engine</Filter>
    </ClCompile>
    <ClCompile Include="..\src\isometricscene.cpp">
      <Filter>Archivos de código fuente\engine</Filter>
    </ClCompile>
    <ClCompile Include="..\src\isometricsprite.cpp">
      <Filter>Archivos de código fuente\engine</Filter>
    </ClCompile>
    <ClCompile Include="..\src\map.cpp">
      <Filter>Archivos de código fuente\engine</Filter>
    </ClCompile>
    <ClCompile Include="..\src\mapscene.cpp">
      <Filter>Archivos de código fuente\engine</Filter>
    </ClCompile>
    <ClCompile Include="..\src\math.cpp">
      <Filter>Archivos de código fuente\engine</Filter>
    </ClCompile>
    <ClCompile Include="..\src\parallaxscene.cpp">
      <Filter>Archivos de código fuente\engine</Filter>
    </ClCompile>
    <ClCompile Include="..\src\particle.cpp">
      <Filter>Archivos de código fuente\engine</Filter>
    </ClCompile>
    <ClCompile Include="..\src\renderer.cpp">
      <Filter>Archivos de código fuente\engine</Filter>
    </ClCompile>
    <ClCompile Include="..\src\resourcemanager.cpp">
      <Filter>Archivos de código fuente\engine</Filter>
    </ClCompile>
    <ClCompile Include="..\src\scene.cpp">
      <Filter>Archivos de código fuente\engine</Filter>
    </ClCompile>
    <ClCompile Include="..\src\screen.cpp">
      <Filter>Archivos de código fuente\engine</Filter>
    </ClCompile>
    <ClCompile Include="..\src\skeletondata.cpp">
      <Filter>Archivos de código fuente\engine</Filter>
    </ClCompile>
    <ClCompile Include="..\src\skeletonsprite.cpp">
      <Filter>Archivos de código fuente\engine</Filter>
    </ClCompile>
    <ClCompile Include="..\src\sprite.cpp">
      <Filter>Archivos de código fuente\engine</Filter>
    </ClCompile>
    <ClCompile Include="..\scenes\BaseScene.cpp">
      <Filter>Archivos de código fuente\logic</Filter>
    </ClCompile>
    <ClCompile Include="..\scenes\MenuScene.cpp">
      <Filter>Archivos de código fuente\logic</Filter>
    </ClCompile>
    <ClCompile Include="..\entities\BaseEntity.cpp">
      <Filter>Archivos de código fuente\logic</Filter>
    </ClCompile>
    <ClCompile Include="..\entities\ButtonEntity.cpp">
      <Filter>Archivos de código fuente\logic</Filter>
    </ClCompile>
    <ClCompile Include="..\entities\ComponentsEntity.cpp">
      <Filter>Archivos de código fuente\logic</Filter>
    </ClCompile>
    <ClCompile Include="..\entities\HardcodedPlayerEntity.cpp">
      <Filter>Archivos de código fuente\logic</Filter>
    </ClCompile>
    <ClCompile Include="..\components\BaseComponent.cpp">
      <Filter>Archivos de código fuente\logic</Filter>
    </ClCompile>
    <ClCompile Include="..\components\PlayerControllerComponent.cpp">
      <Filter>Archivos de código fuente\logic</Filter>
    </ClCompile>
  </ItemGroup>
  <ItemGroup>
    <ClInclude Include="..\ComponentsFactory.h">
      <Filter>Archivos de encabezado</Filter>
    </ClInclude>
    <ClInclude Include="..\EntitiesFactory.h">
      <Filter>Archivos de encabezado</Filter>
    </ClInclude>
    <ClInclude Include="..\EventsManager.h">
      <Filter>Archivos de encabezado</Filter>
    </ClInclude>
    <ClInclude Include="..\Game.h">
      <Filter>Archivos de encabezado</Filter>
    </ClInclude>
    <ClInclude Include="..\IComponent.h">
      <Filter>Archivos de encabezado</Filter>
    </ClInclude>
    <ClInclude Include="..\IComponentsFactory.h">
      <Filter>Archivos de encabezado</Filter>
    </ClInclude>
    <ClInclude Include="..\IEntitiesFactory.h">
      <Filter>Archivos de encabezado</Filter>
    </ClInclude>
    <ClInclude Include="..\IEntity.h">
      <Filter>Archivos de encabezado</Filter>
    </ClInclude>
    <ClInclude Include="..\IEventsManager.h">
      <Filter>Archivos de encabezado</Filter>
    </ClInclude>
    <ClInclude Include="..\IGame.h">
      <Filter>Archivos de encabezado</Filter>
    </ClInclude>
    <ClInclude Include="..\IScene.h">
      <Filter>Archivos de encabezado</Filter>
    </ClInclude>
    <ClInclude Include="..\ISceneManager.h">
      <Filter>Archivos de encabezado</Filter>
    </ClInclude>
    <ClInclude Include="..\ISound.h">
      <Filter>Archivos de encabezado</Filter>
    </ClInclude>
    <ClInclude Include="..\ISoundsFactory.h">
      <Filter>Archivos de encabezado</Filter>
    </ClInclude>
    <ClInclude Include="..\ISoundsManager.h">
      <Filter>Archivos de encabezado</Filter>
    </ClInclude>
    <ClInclude Include="..\ISpritesFactory.h">
      <Filter>Archivos de encabezado</Filter>
    </ClInclude>
    <ClInclude Include="..\REG_COMPONENTS.h">
      <Filter>Archivos de encabezado</Filter>
    </ClInclude>
    <ClInclude Include="..\REG_ENTITIES.h">
      <Filter>Archivos de encabezado</Filter>
    </ClInclude>
    <ClInclude Include="..\SceneManager.h">
      <Filter>Archivos de encabezado</Filter>
    </ClInclude>
    <ClInclude Include="..\ScreenManager.h">
      <Filter>Archivos de encabezado</Filter>
    </ClInclude>
    <ClInclude Include="..\SoundsFactory.h">
      <Filter>Archivos de encabezado</Filter>
    </ClInclude>
    <ClInclude Include="..\SoundsManager.h">
      <Filter>Archivos de encabezado</Filter>
    </ClInclude>
    <ClInclude Include="..\SpritesFactory.h">
      <Filter>Archivos de encabezado</Filter>
    </ClInclude>
    <ClInclude Include="..\stdafx.h">
      <Filter>Archivos de encabezado</Filter>
    </ClInclude>
    <ClInclude Include="..\targetver.h">
      <Filter>Archivos de encabezado</Filter>
    </ClInclude>
    <ClInclude Include="..\include\u-gine.h">
      <Filter>Archivos de encabezado\engine</Filter>
    </ClInclude>
    <ClInclude Include="..\include\array.h">
      <Filter>Archivos de encabezado\engine</Filter>
    </ClInclude>
    <ClInclude Include="..\include\bone.h">
      <Filter>Archivos de encabezado\engine</Filter>
    </ClInclude>
    <ClInclude Include="..\include\bonedata.h">
      <Filter>Archivos de encabezado\engine</Filter>
    </ClInclude>
    <ClInclude Include="..\include\camera.h">
      <Filter>Archivos de encabezado\engine</Filter>
    </ClInclude>
    <ClInclude Include="..\include\circlecollision.h">
      <Filter>Archivos de encabezado\engine</Filter>
    </ClInclude>
    <ClInclude Include="..\include\collision.h">
      <Filter>Archivos de encabezado\engine</Filter>
    </ClInclude>
    <ClInclude Include="..\include\collisionmanager.h">
      <Filter>Archivos de encabezado\engine</Filter>
    </ClInclude>
    <ClInclude Include="..\include\collisionpixeldata.h">
      <Filter>Archivos de encabezado\engine</Filter>
    </ClInclude>
    <ClInclude Include="..\include\emitter.h">
      <Filter>Archivos de encabezado\engine</Filter>
    </ClInclude>
    <ClInclude Include="..\include\font.h">
      <Filter>Archivos de encabezado\engine</Filter>
    </ClInclude>
    <ClInclude Include="..\include\frame.h">
      <Filter>Archivos de encabezado\engine</Filter>
    </ClInclude>
    <ClInclude Include="..\include\glinclude.h">
      <Filter>Archivos de encabezado\engine</Filter>
    </ClInclude>
    <ClInclude Include="..\include\glyph.h">
      <Filter>Archivos de encabezado\engine</Filter>
    </ClInclude>
    <ClInclude Include="..\include\image.h">
      <Filter>Archivos de encabezado\engine</Filter>
    </ClInclude>
    <ClInclude Include="..\include\isometricmap.h">
      <Filter>Archivos de encabezado\engine</Filter>
    </ClInclude>
    <ClInclude Include="..\include\isometricscene.h">
      <Filter>Archivos de encabezado\engine</Filter>
    </ClInclude>
    <ClInclude Include="..\include\isometricsprite.h">
      <Filter>Archivos de encabezado\engine</Filter>
    </ClInclude>
    <ClInclude Include="..\include\map.h">
      <Filter>Archivos de encabezado\engine</Filter>
    </ClInclude>
    <ClInclude Include="..\include\mapscene.h">
      <Filter>Archivos de encabezado\engine</Filter>
    </ClInclude>
    <ClInclude Include="..\include\math.h">
      <Filter>Archivos de encabezado\engine</Filter>
    </ClInclude>
    <ClInclude Include="..\include\parallaxscene.h">
      <Filter>Archivos de encabezado\engine</Filter>
    </ClInclude>
    <ClInclude Include="..\include\particle.h">
      <Filter>Archivos de encabezado\engine</Filter>
    </ClInclude>
    <ClInclude Include="..\include\pixelcollision.h">
      <Filter>Archivos de encabezado\engine</Filter>
    </ClInclude>
    <ClInclude Include="..\include\rectcollision.h">
      <Filter>Archivos de encabezado\engine</Filter>
    </ClInclude>
    <ClInclude Include="..\include\renderer.h">
      <Filter>Archivos de encabezado\engine</Filter>
    </ClInclude>
    <ClInclude Include="..\include\resourcemanager.h">
      <Filter>Archivos de encabezado\engine</Filter>
    </ClInclude>
    <ClInclude Include="..\include\scene.h">
      <Filter>Archivos de encabezado\engine</Filter>
    </ClInclude>
    <ClInclude Include="..\include\screen.h">
      <Filter>Archivos de encabezado\engine</Filter>
    </ClInclude>
    <ClInclude Include="..\include\skeletondata.h">
      <Filter>Archivos de encabezado\engine</Filter>
    </ClInclude>
    <ClInclude Include="..\include\skeletonsprite.h">
      <Filter>Archivos de encabezado\engine</Filter>
    </ClInclude>
    <ClInclude Include="..\include\sprite.h">
      <Filter>Archivos de encabezado\engine</Filter>
    </ClInclude>
    <ClInclude Include="..\include\string.h">
      <Filter>Archivos de encabezado\engine</Filter>
    </ClInclude>
    <ClInclude Include="..\include\types.h">
      <Filter>Archivos de encabezado\engine</Filter>
    </ClInclude>
    <ClInclude Include="..\scenes\BaseScene.h">
      <Filter>Archivos de encabezado\logic</Filter>
    </ClInclude>
    <ClInclude Include="..\scenes\MenuScene.h">
      <Filter>Archivos de encabezado\logic</Filter>
    </ClInclude>
    <ClInclude Include="..\events\BaseEvent.h">
      <Filter>Archivos de encabezado\logic</Filter>
    </ClInclude>
    <ClInclude Include="..\events\KeyboardEvents.h">
      <Filter>Archivos de encabezado\logic</Filter>
    </ClInclude>
    <ClInclude Include="..\events\MouseEvents.h">
      <Filter>Archivos de encabezado\logic</Filter>
    </ClInclude>
    <ClInclude Include="..\entities\BaseEntity.h">
      <Filter>Archivos de encabezado\logic</Filter>
    </ClInclude>
    <ClInclude Include="..\entities\ButtonEntity.h">
      <Filter>Archivos de encabezado\logic</Filter>
    </ClInclude>
    <ClInclude Include="..\entities\ComponentsEntity.h">
      <Filter>Archivos de encabezado\logic</Filter>
    </ClInclude>
    <ClInclude Include="..\entities\HardcodedPlayerEntity.h">
      <Filter>Archivos de encabezado\logic</Filter>
    </ClInclude>
    <ClInclude Include="..\components\BaseComponent.h">
      <Filter>Archivos de encabezado\logic</Filter>
    </ClInclude>
    <ClInclude Include="..\components\PlayerControllerComponent.h">
      <Filter>Archivos de encabezado\logic</Filter>
    </ClInclude>
  </ItemGroup>
</Project>